speakeasyVersion: 1.757.1
sources:
    LucidLayer API:
        sourceNamespace: lucid-layer-api
        sourceRevisionDigest: sha256:a3f4e095a088b19783f6b05aae01d223478947bbb3b8b5934ec3eac29cd290ae
        sourceBlobDigest: sha256:8519ce2026495572e8d0734dac69ebafb34aaad2acf8eb604dab00f095534573
        tags:
            - latest
            - 1.0.0
targets:
    raijin-labs-lucid-ai:
        source: LucidLayer API
        sourceNamespace: lucid-layer-api
        sourceRevisionDigest: sha256:a3f4e095a088b19783f6b05aae01d223478947bbb3b8b5934ec3eac29cd290ae
        sourceBlobDigest: sha256:8519ce2026495572e8d0734dac69ebafb34aaad2acf8eb604dab00f095534573
        codeSamplesNamespace: lucid-layer-api-typescript-code-samples
        codeSamplesRevisionDigest: sha256:99eba4d7ca8798c96a84e91d90934ae16061603d51049555d42e7a6a7c671452
workflow:
    workflowVersion: 1.0.0
    speakeasyVersion: latest
    sources:
        LucidLayer API:
            inputs:
                - location: ../openapi.yaml
            overlays:
                - location: .speakeasy/speakeasy-modifications-overlay.yaml
            output: .speakeasy/out.openapi.yaml
            registry:
                location: registry.speakeasyapi.dev/raijin-labs-gc4/lucid/lucid-layer-api
    targets:
        raijin-labs-lucid-ai:
            target: typescript
            source: LucidLayer API
            codeSamples:
                output: code-samples.yaml
                registry:
                    location: registry.speakeasyapi.dev/raijin-labs-gc4/lucid/lucid-layer-api-typescript-code-samples
                labelOverride:
                    fixedValue: Typescript (SDK)
                blocking: false
