speakeasyVersion: 1.757.1
sources:
    LucidLayer API:
        sourceNamespace: lucid-layer-api
        sourceRevisionDigest: sha256:cca47fff8ccbd2d2a8b7122b4c75fdacb0c494ac78b0f31192419a8b059ec2fa
        sourceBlobDigest: sha256:a9b0bdc6d38a773cab050793876bef90b2cbcb4d298e97f23a1fec2a94259c3f
        tags:
            - latest
            - 1.0.0
targets:
    raijin-labs-lucid-ai:
        source: LucidLayer API
        sourceNamespace: lucid-layer-api
        sourceRevisionDigest: sha256:cca47fff8ccbd2d2a8b7122b4c75fdacb0c494ac78b0f31192419a8b059ec2fa
        sourceBlobDigest: sha256:a9b0bdc6d38a773cab050793876bef90b2cbcb4d298e97f23a1fec2a94259c3f
        codeSamplesNamespace: lucid-layer-api-typescript-code-samples
        codeSamplesRevisionDigest: sha256:b251a0f2dc8c1eebc2319b4ce67f92ec4131bf45cc08354dc930a5ee2ac7a5c7
workflow:
    workflowVersion: 1.0.0
    speakeasyVersion: latest
    sources:
        LucidLayer API:
            inputs:
                - location: ../openapi.yaml
            overlays:
                - location: .speakeasy/speakeasy-modifications-overlay.yaml
            output: .speakeasy/out.openapi.yaml
            registry:
                location: registry.speakeasyapi.dev/raijin-labs-gc4/lucid/lucid-layer-api
    targets:
        raijin-labs-lucid-ai:
            target: typescript
            source: LucidLayer API
            codeSamples:
                output: code-samples.yaml
                registry:
                    location: registry.speakeasyapi.dev/raijin-labs-gc4/lucid/lucid-layer-api-typescript-code-samples
                labelOverride:
                    fixedValue: Typescript (SDK)
                blocking: false
